PODS:
  - CalendarDateRangePicker (1.7)

DEPENDENCIES:
  - CalendarDateRangePicker

SPEC REPOS:
  https://github.com/cocoapods/specs.git:
    - CalendarDateRangePicker

SPEC CHECKSUMS:
  CalendarDateRangePicker: ee966d7774528407091adba0480fa7b1507837ee

PODFILE CHECKSUM: d2ffe4695b1f1dd50aa1a70159a6da3443427fe2

COCOAPODS: 1.6.2
